
Microsoft Visual Studio Solution File, Format Version 12.00
# Visual Studio 2013
VisualStudioVersion = 12.0.30723.0
MinimumVisualStudioVersion = 10.0.40219.1
Project("{FAE04EC0-301F-11D3-BF4B-00C04F79EFBC}") = "Tubs.Common", "Tubs.Common\Tubs.Common.csproj", "{BAD4C26D-11AE-4FCC-87DD-5FCC958F6C3E}"
EndProject
Global
	GlobalSection(SolutionConfigurationPlatforms) = preSolution
		Debug|Any CPU = Debug|Any CPU
		Release|Any CPU = Release|Any CPU
	EndGlobalSection
	GlobalSection(ProjectConfigurationPlatforms) = postSolution
		{BAD4C26D-11AE-4FCC-87DD-5FCC958F6C3E}.Debug|Any CPU.ActiveCfg = Debug|Any CPU
		{BAD4C26D-11AE-4FCC-87DD-5FCC958F6C3E}.Debug|Any CPU.Build.0 = Debug|Any CPU
		{BAD4C26D-11AE-4FCC-87DD-5FCC958F6C3E}.Release|Any CPU.ActiveCfg = Release|Any CPU
		{BAD4C26D-11AE-4FCC-87DD-5FCC958F6C3E}.Release|Any CPU.Build.0 = Release|Any CPU
	EndGlobalSection
	GlobalSection(SolutionProperties) = preSolution
		HideSolutionNode = FALSE
	EndGlobalSection
EndGlobal
